
Microsoft Visual Studio Solution File, Format Version 12.00
# Visual Studio Version 17
VisualStudioVersion = 17.0.31903.59
MinimumVisualStudioVersion = 10.0.40219.1
Project("{2150E333-8FDC-42A3-9474-1A3956D46DE8}") = "src", "src", "{827E0CD3-B72D-47B6-A68D-7590B98EB39B}"
EndProject
Project("{FAE04EC0-301F-11D3-BF4B-00C04F79EFBC}") = "HotBox.Core", "src\HotBox.Core\HotBox.Core.csproj", "{4B492402-452D-4CE4-804E-6F9E24F6ACA4}"
EndProject
Project("{FAE04EC0-301F-11D3-BF4B-00C04F79EFBC}") = "HotBox.Infrastructure", "src\HotBox.Infrastructure\HotBox.Infrastructure.csproj", "{35B7150D-9044-4DA1-9612-A5F9A8F1E8A4}"
EndProject
Project("{FAE04EC0-301F-11D3-BF4B-00C04F79EFBC}") = "HotBox.Application", "src\HotBox.Application\HotBox.Application.csproj", "{82EFC725-A013-4704-887D-95073A632970}"
EndProject
Project("{FAE04EC0-301F-11D3-BF4B-00C04F79EFBC}") = "HotBox.Client", "src\HotBox.Client\HotBox.Client.csproj", "{E6BD6A9D-CB5C-487E-9218-833D92E37326}"
EndProject
Project("{FAE04EC0-301F-11D3-BF4B-00C04F79EFBC}") = "HotBox.Core.Tests", "tests\HotBox.Core.Tests\HotBox.Core.Tests.csproj", "{2196F72F-8273-4E9C-B078-A0CAD1F6D28A}"
EndProject
Project("{FAE04EC0-301F-11D3-BF4B-00C04F79EFBC}") = "HotBox.Infrastructure.Tests", "tests\HotBox.Infrastructure.Tests\HotBox.Infrastructure.Tests.csproj", "{B385CF1A-15D9-4EFC-907D-C7F36CDF5622}"
EndProject
Project("{FAE04EC0-301F-11D3-BF4B-00C04F79EFBC}") = "HotBox.Application.Tests", "tests\HotBox.Application.Tests\HotBox.Application.Tests.csproj", "{29A912DB-AA1E-46D6-AE8E-8B736E8B0FDD}"
EndProject
Project("{FAE04EC0-301F-11D3-BF4B-00C04F79EFBC}") = "HotBox.Client.Tests", "tests\HotBox.Client.Tests\HotBox.Client.Tests.csproj", "{1ECE2404-8672-41D4-ABDE-553A042FC191}"
EndProject
Global
	GlobalSection(SolutionConfigurationPlatforms) = preSolution
		Debug|Any CPU = Debug|Any CPU
		Debug|x64 = Debug|x64
		Debug|x86 = Debug|x86
		Release|Any CPU = Release|Any CPU
		Release|x64 = Release|x64
		Release|x86 = Release|x86
	EndGlobalSection
	GlobalSection(ProjectConfigurationPlatforms) = postSolution
		{4B492402-452D-4CE4-804E-6F9E24F6ACA4}.Debug|Any CPU.ActiveCfg = Debug|Any CPU
		{4B492402-452D-4CE4-804E-6F9E24F6ACA4}.Debug|Any CPU.Build.0 = Debug|Any CPU
		{4B492402-452D-4CE4-804E-6F9E24F6ACA4}.Debug|x64.ActiveCfg = Debug|Any CPU
		{4B492402-452D-4CE4-804E-6F9E24F6ACA4}.Debug|x64.Build.0 = Debug|Any CPU
		{4B492402-452D-4CE4-804E-6F9E24F6ACA4}.Debug|x86.ActiveCfg = Debug|Any CPU
		{4B492402-452D-4CE4-804E-6F9E24F6ACA4}.Debug|x86.Build.0 = Debug|Any CPU
		{4B492402-452D-4CE4-804E-6F9E24F6ACA4}.Release|Any CPU.ActiveCfg = Release|Any CPU
		{4B492402-452D-4CE4-804E-6F9E24F6ACA4}.Release|Any CPU.Build.0 = Release|Any CPU
		{4B492402-452D-4CE4-804E-6F9E24F6ACA4}.Release|x64.ActiveCfg = Release|Any CPU
		{4B492402-452D-4CE4-804E-6F9E24F6ACA4}.Release|x64.Build.0 = Release|Any CPU
		{4B492402-452D-4CE4-804E-6F9E24F6ACA4}.Release|x86.ActiveCfg = Release|Any CPU
		{4B492402-452D-4CE4-804E-6F9E24F6ACA4}.Release|x86.Build.0 = Release|Any CPU
		{35B7150D-9044-4DA1-9612-A5F9A8F1E8A4}.Debug|Any CPU.ActiveCfg = Debug|Any CPU
		{35B7150D-9044-4DA1-9612-A5F9A8F1E8A4}.Debug|Any CPU.Build.0 = Debug|Any CPU
		{35B7150D-9044-4DA1-9612-A5F9A8F1E8A4}.Debug|x64.ActiveCfg = Debug|Any CPU
		{35B7150D-9044-4DA1-9612-A5F9A8F1E8A4}.Debug|x64.Build.0 = Debug|Any CPU
		{35B7150D-9044-4DA1-9612-A5F9A8F1E8A4}.Debug|x86.ActiveCfg = Debug|Any CPU
		{35B7150D-9044-4DA1-9612-A5F9A8F1E8A4}.Debug|x86.Build.0 = Debug|Any CPU
		{35B7150D-9044-4DA1-9612-A5F9A8F1E8A4}.Release|Any CPU.ActiveCfg = Release|Any CPU
		{35B7150D-9044-4DA1-9612-A5F9A8F1E8A4}.Release|Any CPU.Build.0 = Release|Any CPU
		{35B7150D-9044-4DA1-9612-A5F9A8F1E8A4}.Release|x64.ActiveCfg = Release|Any CPU
		{35B7150D-9044-4DA1-9612-A5F9A8F1E8A4}.Release|x64.Build.0 = Release|Any CPU
		{35B7150D-9044-4DA1-9612-A5F9A8F1E8A4}.Release|x86.ActiveCfg = Release|Any CPU
		{35B7150D-9044-4DA1-9612-A5F9A8F1E8A4}.Release|x86.Build.0 = Release|Any CPU
		{82EFC725-A013-4704-887D-95073A632970}.Debug|Any CPU.ActiveCfg = Debug|Any CPU
		{82EFC725-A013-4704-887D-95073A632970}.Debug|Any CPU.Build.0 = Debug|Any CPU
		{82EFC725-A013-4704-887D-95073A632970}.Debug|x64.ActiveCfg = Debug|Any CPU
		{82EFC725-A013-4704-887D-95073A632970}.Debug|x64.Build.0 = Debug|Any CPU
		{82EFC725-A013-4704-887D-95073A632970}.Debug|x86.ActiveCfg = Debug|Any CPU
		{82EFC725-A013-4704-887D-95073A632970}.Debug|x86.Build.0 = Debug|Any CPU
		{82EFC725-A013-4704-887D-95073A632970}.Release|Any CPU.ActiveCfg = Release|Any CPU
		{82EFC725-A013-4704-887D-95073A632970}.Release|Any CPU.Build.0 = Release|Any CPU
		{82EFC725-A013-4704-887D-95073A632970}.Release|x64.ActiveCfg = Release|Any CPU
		{82EFC725-A013-4704-887D-95073A632970}.Release|x64.Build.0 = Release|Any CPU
		{82EFC725-A013-4704-887D-95073A632970}.Release|x86.ActiveCfg = Release|Any CPU
		{82EFC725-A013-4704-887D-95073A632970}.Release|x86.Build.0 = Release|Any CPU
		{E6BD6A9D-CB5C-487E-9218-833D92E37326}.Debug|Any CPU.ActiveCfg = Debug|Any CPU
		{E6BD6A9D-CB5C-487E-9218-833D92E37326}.Debug|Any CPU.Build.0 = Debug|Any CPU
		{E6BD6A9D-CB5C-487E-9218-833D92E37326}.Debug|x64.ActiveCfg = Debug|Any CPU
		{E6BD6A9D-CB5C-487E-9218-833D92E37326}.Debug|x64.Build.0 = Debug|Any CPU
		{E6BD6A9D-CB5C-487E-9218-833D92E37326}.Debug|x86.ActiveCfg = Debug|Any CPU
		{E6BD6A9D-CB5C-487E-9218-833D92E37326}.Debug|x86.Build.0 = Debug|Any CPU
		{E6BD6A9D-CB5C-487E-9218-833D92E37326}.Release|Any CPU.ActiveCfg = Release|Any CPU
		{E6BD6A9D-CB5C-487E-9218-833D92E37326}.Release|Any CPU.Build.0 = Release|Any CPU
		{E6BD6A9D-CB5C-487E-9218-833D92E37326}.Release|x64.ActiveCfg = Release|Any CPU
		{E6BD6A9D-CB5C-487E-9218-833D92E37326}.Release|x64.Build.0 = Release|Any CPU
		{E6BD6A9D-CB5C-487E-9218-833D92E37326}.Release|x86.ActiveCfg = Release|Any CPU
		{E6BD6A9D-CB5C-487E-9218-833D92E37326}.Release|x86.Build.0 = Release|Any CPU
		{2196F72F-8273-4E9C-B078-A0CAD1F6D28A}.Debug|Any CPU.ActiveCfg = Debug|Any CPU
		{2196F72F-8273-4E9C-B078-A0CAD1F6D28A}.Debug|Any CPU.Build.0 = Debug|Any CPU
		{2196F72F-8273-4E9C-B078-A0CAD1F6D28A}.Debug|x64.ActiveCfg = Debug|Any CPU
		{2196F72F-8273-4E9C-B078-A0CAD1F6D28A}.Debug|x64.Build.0 = Debug|Any CPU
		{2196F72F-8273-4E9C-B078-A0CAD1F6D28A}.Debug|x86.ActiveCfg = Debug|Any CPU
		{2196F72F-8273-4E9C-B078-A0CAD1F6D28A}.Debug|x86.Build.0 = Debug|Any CPU
		{2196F72F-8273-4E9C-B078-A0CAD1F6D28A}.Release|Any CPU.ActiveCfg = Release|Any CPU
		{2196F72F-8273-4E9C-B078-A0CAD1F6D28A}.Release|Any CPU.Build.0 = Release|Any CPU
		{2196F72F-8273-4E9C-B078-A0CAD1F6D28A}.Release|x64.ActiveCfg = Release|Any CPU
		{2196F72F-8273-4E9C-B078-A0CAD1F6D28A}.Release|x64.Build.0 = Release|Any CPU
		{2196F72F-8273-4E9C-B078-A0CAD1F6D28A}.Release|x86.ActiveCfg = Release|Any CPU
		{2196F72F-8273-4E9C-B078-A0CAD1F6D28A}.Release|x86.Build.0 = Release|Any CPU
		{B385CF1A-15D9-4EFC-907D-C7F36CDF5622}.Debug|Any CPU.ActiveCfg = Debug|Any CPU
		{B385CF1A-15D9-4EFC-907D-C7F36CDF5622}.Debug|Any CPU.Build.0 = Debug|Any CPU
		{B385CF1A-15D9-4EFC-907D-C7F36CDF5622}.Debug|x64.ActiveCfg = Debug|Any CPU
		{B385CF1A-15D9-4EFC-907D-C7F36CDF5622}.Debug|x64.Build.0 = Debug|Any CPU
		{B385CF1A-15D9-4EFC-907D-C7F36CDF5622}.Debug|x86.ActiveCfg = Debug|Any CPU
		{B385CF1A-15D9-4EFC-907D-C7F36CDF5622}.Debug|x86.Build.0 = Debug|Any CPU
		{B385CF1A-15D9-4EFC-907D-C7F36CDF5622}.Release|Any CPU.ActiveCfg = Release|Any CPU
		{B385CF1A-15D9-4EFC-907D-C7F36CDF5622}.Release|Any CPU.Build.0 = Release|Any CPU
		{B385CF1A-15D9-4EFC-907D-C7F36CDF5622}.Release|x64.ActiveCfg = Release|Any CPU
		{B385CF1A-15D9-4EFC-907D-C7F36CDF5622}.Release|x64.Build.0 = Release|Any CPU
		{B385CF1A-15D9-4EFC-907D-C7F36CDF5622}.Release|x86.ActiveCfg = Release|Any CPU
		{B385CF1A-15D9-4EFC-907D-C7F36CDF5622}.Release|x86.Build.0 = Release|Any CPU
		{29A912DB-AA1E-46D6-AE8E-8B736E8B0FDD}.Debug|Any CPU.ActiveCfg = Debug|Any CPU
		{29A912DB-AA1E-46D6-AE8E-8B736E8B0FDD}.Debug|Any CPU.Build.0 = Debug|Any CPU
		{29A912DB-AA1E-46D6-AE8E-8B736E8B0FDD}.Debug|x64.ActiveCfg = Debug|Any CPU
		{29A912DB-AA1E-46D6-AE8E-8B736E8B0FDD}.Debug|x64.Build.0 = Debug|Any CPU
		{29A912DB-AA1E-46D6-AE8E-8B736E8B0FDD}.Debug|x86.ActiveCfg = Debug|Any CPU
		{29A912DB-AA1E-46D6-AE8E-8B736E8B0FDD}.Debug|x86.Build.0 = Debug|Any CPU
		{29A912DB-AA1E-46D6-AE8E-8B736E8B0FDD}.Release|Any CPU.ActiveCfg = Release|Any CPU
		{29A912DB-AA1E-46D6-AE8E-8B736E8B0FDD}.Release|Any CPU.Build.0 = Release|Any CPU
		{29A912DB-AA1E-46D6-AE8E-8B736E8B0FDD}.Release|x64.ActiveCfg = Release|Any CPU
		{29A912DB-AA1E-46D6-AE8E-8B736E8B0FDD}.Release|x64.Build.0 = Release|Any CPU
		{29A912DB-AA1E-46D6-AE8E-8B736E8B0FDD}.Release|x86.ActiveCfg = Release|Any CPU
		{29A912DB-AA1E-46D6-AE8E-8B736E8B0FDD}.Release|x86.Build.0 = Release|Any CPU
		{1ECE2404-8672-41D4-ABDE-553A042FC191}.Debug|Any CPU.ActiveCfg = Debug|Any CPU
		{1ECE2404-8672-41D4-ABDE-553A042FC191}.Debug|Any CPU.Build.0 = Debug|Any CPU
		{1ECE2404-8672-41D4-ABDE-553A042FC191}.Debug|x64.ActiveCfg = Debug|Any CPU
		{1ECE2404-8672-41D4-ABDE-553A042FC191}.Debug|x64.Build.0 = Debug|Any CPU
		{1ECE2404-8672-41D4-ABDE-553A042FC191}.Debug|x86.ActiveCfg = Debug|Any CPU
		{1ECE2404-8672-41D4-ABDE-553A042FC191}.Debug|x86.Build.0 = Debug|Any CPU
		{1ECE2404-8672-41D4-ABDE-553A042FC191}.Release|Any CPU.ActiveCfg = Release|Any CPU
		{1ECE2404-8672-41D4-ABDE-553A042FC191}.Release|Any CPU.Build.0 = Release|Any CPU
		{1ECE2404-8672-41D4-ABDE-553A042FC191}.Release|x64.ActiveCfg = Release|Any CPU
		{1ECE2404-8672-41D4-ABDE-553A042FC191}.Release|x64.Build.0 = Release|Any CPU
		{1ECE2404-8672-41D4-ABDE-553A042FC191}.Release|x86.ActiveCfg = Release|Any CPU
		{1ECE2404-8672-41D4-ABDE-553A042FC191}.Release|x86.Build.0 = Release|Any CPU
	EndGlobalSection
	GlobalSection(SolutionProperties) = preSolution
		HideSolutionNode = FALSE
	EndGlobalSection
	GlobalSection(NestedProjects) = preSolution
		{4B492402-452D-4CE4-804E-6F9E24F6ACA4} = {827E0CD3-B72D-47B6-A68D-7590B98EB39B}
		{35B7150D-9044-4DA1-9612-A5F9A8F1E8A4} = {827E0CD3-B72D-47B6-A68D-7590B98EB39B}
		{82EFC725-A013-4704-887D-95073A632970} = {827E0CD3-B72D-47B6-A68D-7590B98EB39B}
		{E6BD6A9D-CB5C-487E-9218-833D92E37326} = {827E0CD3-B72D-47B6-A68D-7590B98EB39B}
		{2196F72F-8273-4E9C-B078-A0CAD1F6D28A} = {827E0CD3-B72D-47B6-A68D-7590B98EB39B}
		{B385CF1A-15D9-4EFC-907D-C7F36CDF5622} = {827E0CD3-B72D-47B6-A68D-7590B98EB39B}
		{29A912DB-AA1E-46D6-AE8E-8B736E8B0FDD} = {827E0CD3-B72D-47B6-A68D-7590B98EB39B}
		{1ECE2404-8672-41D4-ABDE-553A042FC191} = {827E0CD3-B72D-47B6-A68D-7590B98EB39B}
	EndGlobalSection
EndGlobal
